// !$*UTF8*$!
{
	archiveVersion = 1;
	classes = {
	};
	objectVersion = 50;
	objects = {

/* Begin PBXBuildFile section */
		6F094575263D86A20057EC8E /* HeartRateDetectionModel.m in Sources */ = {isa = PBXBuildFile; fileRef = 6F094574263D86A20057EC8E /* HeartRateDetectionModel.m */; };
		6F169337263B253600CC881A /* AppDelegate.swift in Sources */ = {isa = PBXBuildFile; fileRef = 6F169336263B253600CC881A /* AppDelegate.swift */; };
		6F169339263B253600CC881A /* SceneDelegate.swift in Sources */ = {isa = PBXBuildFile; fileRef = 6F169338263B253600CC881A /* SceneDelegate.swift */; };
		6F16933B263B253600CC881A /* ViewController.swift in Sources */ = {isa = PBXBuildFile; fileRef = 6F16933A263B253600CC881A /* ViewController.swift */; };
		6F16933E263B253600CC881A /* Main.storyboard in Resources */ = {isa = PBXBuildFile; fileRef = 6F16933C263B253600CC881A /* Main.storyboard */; };
		6F169341263B253600CC881A /* rPPG.xcdatamodeld in Sources */ = {isa = PBXBuildFile; fileRef = 6F16933F263B253600CC881A /* rPPG.xcdatamodeld */; };
		6F169343263B253800CC881A /* Assets.xcassets in Resources */ = {isa = PBXBuildFile; fileRef = 6F169342263B253800CC881A /* Assets.xcassets */; };
		6F169346263B253800CC881A /* LaunchScreen.storyboard in Resources */ = {isa = PBXBuildFile; fileRef = 6F169344263B253800CC881A /* LaunchScreen.storyboard */; };
		6F16935A263B283500CC881A /* opencv2.framework in Frameworks */ = {isa = PBXBuildFile; fileRef = 6F169359263B283500CC881A /* opencv2.framework */; };
		6F169363263B291B00CC881A /* Wrapper.mm in Sources */ = {isa = PBXBuildFile; fileRef = 6F169362263B291B00CC881A /* Wrapper.mm */; };
		6F86DF632641F10C00E36318 /* RespirationDetector.cpp in Sources */ = {isa = PBXBuildFile; fileRef = 6F86DF612641F10C00E36318 /* RespirationDetector.cpp */; };
/* End PBXBuildFile section */

/* Begin PBXFileReference section */
		6F094573263D86990057EC8E /* HeartRateDetectionModel.h */ = {isa = PBXFileReference; lastKnownFileType = sourcecode.c.h; path = HeartRateDetectionModel.h; sourceTree = "<group>"; };
		6F094574263D86A20057EC8E /* HeartRateDetectionModel.m */ = {isa = PBXFileReference; fileEncoding = 4; lastKnownFileType = sourcecode.c.objc; path = HeartRateDetectionModel.m; sourceTree = "<group>"; };
		6F169333263B253600CC881A /* rPPG.app */ = {isa = PBXFileReference; explicitFileType = wrapper.application; includeInIndex = 0; path = rPPG.app; sourceTree = BUILT_PRODUCTS_DIR; };
		6F169336263B253600CC881A /* AppDelegate.swift */ = {isa = PBXFileReference; lastKnownFileType = sourcecode.swift; path = AppDelegate.swift; sourceTree = "<group>"; };
		6F169338263B253600CC881A /* SceneDelegate.swift */ = {isa = PBXFileReference; lastKnownFileType = sourcecode.swift; path = SceneDelegate.swift; sourceTree = "<group>"; };
		6F16933A263B253600CC881A /* ViewController.swift */ = {isa = PBXFileReference; lastKnownFileType = sourcecode.swift; path = ViewController.swift; sourceTree = "<group>"; };
		6F16933D263B253600CC881A /* Base */ = {isa = PBXFileReference; lastKnownFileType = file.storyboard; name = Base; path = Base.lproj/Main.storyboard; sourceTree = "<group>"; };
		6F169340263B253600CC881A /* rPPG.xcdatamodel */ = {isa = PBXFileReference; lastKnownFileType = wrapper.xcdatamodel; path = rPPG.xcdatamodel; sourceTree = "<group>"; };
		6F169342263B253800CC881A /* Assets.xcassets */ = {isa = PBXFileReference; lastKnownFileType = folder.assetcatalog; path = Assets.xcassets; sourceTree = "<group>"; };
		6F169345263B253800CC881A /* Base */ = {isa = PBXFileReference; lastKnownFileType = file.storyboard; name = Base; path = Base.lproj/LaunchScreen.storyboard; sourceTree = "<group>"; };
		6F169347263B253800CC881A /* Info.plist */ = {isa = PBXFileReference; lastKnownFileType = text.plist.xml; path = Info.plist; sourceTree = "<group>"; };
		6F169359263B283500CC881A /* opencv2.framework */ = {isa = PBXFileReference; lastKnownFileType = wrapper.framework; path = opencv2.framework; sourceTree = "<group>"; };
		6F16935C263B286C00CC881A /* rPPG-Bridging-Header.h */ = {isa = PBXFileReference; lastKnownFileType = sourcecode.c.h; path = "rPPG-Bridging-Header.h"; sourceTree = "<group>"; };
		6F169361263B28E400CC881A /* Wrapper.h */ = {isa = PBXFileReference; lastKnownFileType = sourcecode.c.h; path = Wrapper.h; sourceTree = "<group>"; };
		6F169362263B291B00CC881A /* Wrapper.mm */ = {isa = PBXFileReference; lastKnownFileType = sourcecode.cpp.objcpp; path = Wrapper.mm; sourceTree = "<group>"; };
		6F86DF612641F10C00E36318 /* RespirationDetector.cpp */ = {isa = PBXFileReference; lastKnownFileType = sourcecode.cpp.cpp; path = RespirationDetector.cpp; sourceTree = "<group>"; };
		6F86DF622641F10C00E36318 /* RespirationDetector.hpp */ = {isa = PBXFileReference; lastKnownFileType = sourcecode.cpp.h; path = RespirationDetector.hpp; sourceTree = "<group>"; };
/* End PBXFileReference section */

/* Begin PBXFrameworksBuildPhase section */
		6F169330263B253600CC881A /* Frameworks */ = {
			isa = PBXFrameworksBuildPhase;
			buildActionMask = 2147483647;
			files = (
				6F16935A263B283500CC881A /* opencv2.framework in Frameworks */,
			);
			runOnlyForDeploymentPostprocessing = 0;
		};
/* End PBXFrameworksBuildPhase section */

/* Begin PBXGroup section */
		6F16932A263B253600CC881A = {
			isa = PBXGroup;
			children = (
				6F169359263B283500CC881A /* opencv2.framework */,
				6F169335263B253600CC881A /* rPPG */,
				6F169334263B253600CC881A /* Products */,
				6F16934E263B254700CC881A /* Frameworks */,
			);
			sourceTree = "<group>";
		};
		6F169334263B253600CC881A /* Products */ = {
			isa = PBXGroup;
			children = (
				6F169333263B253600CC881A /* rPPG.app */,
			);
			name = Products;
			sourceTree = "<group>";
		};
		6F169335263B253600CC881A /* rPPG */ = {
			isa = PBXGroup;
			children = (
				6F169336263B253600CC881A /* AppDelegate.swift */,
				6F169342263B253800CC881A /* Assets.xcassets */,
				6F094573263D86990057EC8E /* HeartRateDetectionModel.h */,
				6F094574263D86A20057EC8E /* HeartRateDetectionModel.m */,
				6F169347263B253800CC881A /* Info.plist */,
				6F169344263B253800CC881A /* LaunchScreen.storyboard */,
				6F16933C263B253600CC881A /* Main.storyboard */,
				6F16935C263B286C00CC881A /* rPPG-Bridging-Header.h */,
				6F16933F263B253600CC881A /* rPPG.xcdatamodeld */,
				6F169338263B253600CC881A /* SceneDelegate.swift */,
				6F16933A263B253600CC881A /* ViewController.swift */,
				6F169361263B28E400CC881A /* Wrapper.h */,
				6F169362263B291B00CC881A /* Wrapper.mm */,
				6F86DF612641F10C00E36318 /* RespirationDetector.cpp */,
				6F86DF622641F10C00E36318 /* RespirationDetector.hpp */,
			);
			path = rPPG;
			sourceTree = "<group>";
		};
		6F16934E263B254700CC881A /* Frameworks */ = {
			isa = PBXGroup;
			children = (
			);
			name = Frameworks;
			sourceTree = "<group>";
		};
/* End PBXGroup section */

/* Begin PBXNativeTarget section */
		6F169332263B253600CC881A /* rPPG */ = {
			isa = PBXNativeTarget;
			buildConfigurationList = 6F16934A263B253800CC881A /* Build configuration list for PBXNativeTarget "rPPG" */;
			buildPhases = (
				6F16932F263B253600CC881A /* Sources */,
				6F169330263B253600CC881A /* Frameworks */,
				6F169331263B253600CC881A /* Resources */,
			);
			buildRules = (
			);
			dependencies = (
			);
			name = rPPG;
			productName = rPPG;
			productReference = 6F169333263B253600CC881A /* rPPG.app */;
			productType = "com.apple.product-type.application";
		};
/* End PBXNativeTarget section */

/* Begin PBXProject section */
		6F16932B263B253600CC881A /* Project object */ = {
			isa = PBXProject;
			attributes = {
				LastSwiftUpdateCheck = 1240;
				LastUpgradeCheck = 1240;
				TargetAttributes = {
					6F169332263B253600CC881A = {
						CreatedOnToolsVersion = 12.4;
						LastSwiftMigration = 1240;
					};
				};
			};
			buildConfigurationList = 6F16932E263B253600CC881A /* Build configuration list for PBXProject "rPPG" */;
			compatibilityVersion = "Xcode 9.3";
			developmentRegion = en;
			hasScannedForEncodings = 0;
			knownRegions = (
				en,
				Base,
			);
			mainGroup = 6F16932A263B253600CC881A;
			productRefGroup = 6F169334263B253600CC881A /* Products */;
			projectDirPath = "";
			projectRoot = "";
			targets = (
				6F169332263B253600CC881A /* rPPG */,
			);
		};
/* End PBXProject section */

/* Begin PBXResourcesBuildPhase section */
		6F169331263B253600CC881A /* Resources */ = {
			isa = PBXResourcesBuildPhase;
			buildActionMask = 2147483647;
			files = (
				6F169346263B253800CC881A /* LaunchScreen.storyboard in Resources */,
				6F169343263B253800CC881A /* Assets.xcassets in Resources */,
				6F16933E263B253600CC881A /* Main.storyboard in Resources */,
			);
			runOnlyForDeploymentPostprocessing = 0;
		};
/* End PBXResourcesBuildPhase section */

/* Begin PBXSourcesBuildPhase section */
		6F16932F263B253600CC881A /* Sources */ = {
			isa = PBXSourcesBuildPhase;
			buildActionMask = 2147483647;
			files = (
				6F16933B263B253600CC881A /* ViewController.swift in Sources */,
				6F169337263B253600CC881A /* AppDelegate.swift in Sources */,
				6F169341263B253600CC881A /* rPPG.xcdatamodeld in Sources */,
				6F169339263B253600CC881A /* SceneDelegate.swift in Sources */,
				6F86DF632641F10C00E36318 /* RespirationDetector.cpp in Sources */,
				6F169363263B291B00CC881A /* Wrapper.mm in Sources */,
				6F094575263D86A20057EC8E /* HeartRateDetectionModel.m in Sources */,
			);
			runOnlyForDeploymentPostprocessing = 0;
		};
/* End PBXSourcesBuildPhase section */

/* Begin PBXVariantGroup section */
		6F16933C263B253600CC881A /* Main.storyboard */ = {
			isa = PBXVariantGroup;
			children = (
				6F16933D263B253600CC881A /* Base */,
			);
			name = Main.storyboard;
			sourceTree = "<group>";
		};
		6F169344263B253800CC881A /* LaunchScreen.storyboard */ = {
			isa = PBXVariantGroup;
			children = (
				6F169345263B253800CC881A /* Base */,
			);
			name = LaunchScreen.storyboard;
			sourceTree = "<group>";
		};
/* End PBXVariantGroup section */

/* Begin XCBuildConfiguration section */
		6F169348263B253800CC881A /* Debug */ = {
			isa = XCBuildConfiguration;
			buildSettings = {
				ALWAYS_SEARCH_USER_PATHS = NO;
				CLANG_ANALYZER_NONNULL = YES;
				CLANG_ANALYZER_NUMBER_OBJECT_CONVERSION = YES_AGGRESSIVE;
				CLANG_CXX_LANGUAGE_STANDARD = "gnu++14";
				CLANG_CXX_LIBRARY = "libc++";
				CLANG_ENABLE_MODULES = YES;
				CLANG_ENABLE_OBJC_ARC = YES;
				CLANG_ENABLE_OBJC_WEAK = YES;
				CLANG_WARN_BLOCK_CAPTURE_AUTORELEASING = YES;
				CLANG_WARN_BOOL_CONVERSION = YES;
				CLANG_WARN_COMMA = YES;
				CLANG_WARN_CONSTANT_CONVERSION = YES;
				CLANG_WARN_DEPRECATED_OBJC_IMPLEMENTATIONS = YES;
				CLANG_WARN_DIRECT_OBJC_ISA_USAGE = YES_ERROR;
				CLANG_WARN_DOCUMENTATION_COMMENTS = YES;
				CLANG_WARN_EMPTY_BODY = YES;
				CLANG_WARN_ENUM_CONVERSION = YES;
				CLANG_WARN_INFINITE_RECURSION = YES;
				CLANG_WARN_INT_CONVERSION = YES;
				CLANG_WARN_NON_LITERAL_NULL_CONVERSION = YES;
				CLANG_WARN_OBJC_IMPLICIT_RETAIN_SELF = YES;
				CLANG_WARN_OBJC_LITERAL_CONVERSION = YES;
				CLANG_WARN_OBJC_ROOT_CLASS = YES_ERROR;
				CLANG_WARN_QUOTED_INCLUDE_IN_FRAMEWORK_HEADER = YES;
				CLANG_WARN_RANGE_LOOP_ANALYSIS = YES;
				CLANG_WARN_STRICT_PROTOTYPES = YES;
				CLANG_WARN_SUSPICIOUS_MOVE = YES;
				CLANG_WARN_UNGUARDED_AVAILABILITY = YES_AGGRESSIVE;
				CLANG_WARN_UNREACHABLE_CODE = YES;
				CLANG_WARN__DUPLICATE_METHOD_MATCH = YES;
				COPY_PHASE_STRIP = NO;
				DEBUG_INFORMATION_FORMAT = dwarf;
				ENABLE_STRICT_OBJC_MSGSEND = YES;
				ENABLE_TESTABILITY = YES;
				GCC_C_LANGUAGE_STANDARD = gnu11;
				GCC_DYNAMIC_NO_PIC = NO;
				GCC_NO_COMMON_BLOCKS = YES;
				GCC_OPTIMIZATION_LEVEL = 0;
				GCC_PREPROCESSOR_DEFINITIONS = (
					"DEBUG=1",
					"$(inherited)",
				);
				GCC_WARN_64_TO_32_BIT_CONVERSION = YES;
				GCC_WARN_ABOUT_RETURN_TYPE = YES_ERROR;
				GCC_WARN_UNDECLARED_SELECTOR = YES;
				GCC_WARN_UNINITIALIZED_AUTOS = YES_AGGRESSIVE;
				GCC_WARN_UNUSED_FUNCTION = YES;
				GCC_WARN_UNUSED_VARIABLE = YES;
				IPHONEOS_DEPLOYMENT_TARGET = 14.4;
				MTL_ENABLE_DEBUG_INFO = INCLUDE_SOURCE;
				MTL_FAST_MATH = YES;
				ONLY_ACTIVE_ARCH = YES;
				SDKROOT = iphoneos;
				SWIFT_ACTIVE_COMPILATION_CONDITIONS = DEBUG;
				SWIFT_OPTIMIZATION_LEVEL = "-Onone";
			};
			name = Debug;
		};
		6F169349263B253800CC881A /* Release */ = {
			isa = XCBuildConfiguration;
			buildSettings = {
				ALWAYS_SEARCH_USER_PATHS = NO;
				CLANG_ANALYZER_NONNULL = YES;
				CLANG_ANALYZER_NUMBER_OBJECT_CONVERSION = YES_AGGRESSIVE;
				CLANG_CXX_LANGUAGE_STANDARD = "gnu++14";
				CLANG_CXX_LIBRARY = "libc++";
				CLANG_ENABLE_MODULES = YES;
				CLANG_ENABLE_OBJC_ARC = YES;
				CLANG_ENABLE_OBJC_WEAK = YES;
				CLANG_WARN_BLOCK_CAPTURE_AUTORELEASING = YES;
				CLANG_WARN_BOOL_CONVERSION = YES;
				CLANG_WARN_COMMA = YES;
				CLANG_WARN_CONSTANT_CONVERSION = YES;
				CLANG_WARN_DEPRECATED_OBJC_IMPLEMENTATIONS = YES;
				CLANG_WARN_DIRECT_OBJC_ISA_USAGE = YES_ERROR;
				CLANG_WARN_DOCUMENTATION_COMMENTS = YES;
				CLANG_WARN_EMPTY_BODY = YES;
				CLANG_WARN_ENUM_CONVERSION = YES;
				CLANG_WARN_INFINITE_RECURSION = YES;
				CLANG_WARN_INT_CONVERSION = YES;
				CLANG_WARN_NON_LITERAL_NULL_CONVERSION = YES;
				CLANG_WARN_OBJC_IMPLICIT_RETAIN_SELF = YES;
				CLANG_WARN_OBJC_LITERAL_CONVERSION = YES;
				CLANG_WARN_OBJC_ROOT_CLASS = YES_ERROR;
				CLANG_WARN_QUOTED_INCLUDE_IN_FRAMEWORK_HEADER = YES;
				CLANG_WARN_RANGE_LOOP_ANALYSIS = YES;
				CLANG_WARN_STRICT_PROTOTYPES = YES;
				CLANG_WARN_SUSPICIOUS_MOVE = YES;
				CLANG_WARN_UNGUARDED_AVAILABILITY = YES_AGGRESSIVE;
				CLANG_WARN_UNREACHABLE_CODE = YES;
				CLANG_WARN__DUPLICATE_METHOD_MATCH = YES;
				COPY_PHASE_STRIP = NO;
				DEBUG_INFORMATION_FORMAT = "dwarf-with-dsym";
				ENABLE_NS_ASSERTIONS = NO;
				ENABLE_STRICT_OBJC_MSGSEND = YES;
				GCC_C_LANGUAGE_STANDARD = gnu11;
				GCC_NO_COMMON_BLOCKS = YES;
				GCC_WARN_64_TO_32_BIT_CONVERSION = YES;
				GCC_WARN_ABOUT_RETURN_TYPE = YES_ERROR;
				GCC_WARN_UNDECLARED_SELECTOR = YES;
				GCC_WARN_UNINITIALIZED_AUTOS = YES_AGGRESSIVE;
				GCC_WARN_UNUSED_FUNCTION = YES;
				GCC_WARN_UNUSED_VARIABLE = YES;
				IPHONEOS_DEPLOYMENT_TARGET = 14.4;
				MTL_ENABLE_DEBUG_INFO = NO;
				MTL_FAST_MATH = YES;
				SDKROOT = iphoneos;
				SWIFT_COMPILATION_MODE = wholemodule;
				SWIFT_OPTIMIZATION_LEVEL = "-O";
				VALIDATE_PRODUCT = YES;
			};
			name = Release;
		};
		6F16934B263B253800CC881A /* Debug */ = {
			isa = XCBuildConfiguration;
			buildSettings = {
				ASSETCATALOG_COMPILER_APPICON_NAME = AppIcon;
				ASSETCATALOG_COMPILER_GLOBAL_ACCENT_COLOR_NAME = AccentColor;
				CLANG_ENABLE_MODULES = YES;
				CODE_SIGN_STYLE = Automatic;
				DEVELOPMENT_TEAM = HQLRZ8GNSZ;
				FRAMEWORK_SEARCH_PATHS = (
					"$(inherited)",
					"$(PROJECT_DIR)",
				);
				INFOPLIST_FILE = rPPG/Info.plist;
				LD_RUNPATH_SEARCH_PATHS = (
					"$(inherited)",
					"@executable_path/Frameworks",
				);
				PRODUCT_BUNDLE_IDENTIFIER = krisz.rPPG;
				PRODUCT_NAME = "$(TARGET_NAME)";
				SWIFT_OBJC_BRIDGING_HEADER = "rPPG/rPPG-Bridging-Header.h";
				SWIFT_OPTIMIZATION_LEVEL = "-Onone";
				SWIFT_VERSION = 5.0;
				TARGETED_DEVICE_FAMILY = "1,2";
			};
			name = Debug;
		};
		6F16934C263B253800CC881A /* Release */ = {
			isa = XCBuildConfiguration;
			buildSettings = {
				ASSETCATALOG_COMPILER_APPICON_NAME = AppIcon;
				ASSETCATALOG_COMPILER_GLOBAL_ACCENT_COLOR_NAME = AccentColor;
				CLANG_ENABLE_MODULES = YES;
				CODE_SIGN_STYLE = Automatic;
				DEVELOPMENT_TEAM = HQLRZ8GNSZ;
				FRAMEWORK_SEARCH_PATHS = (
					"$(inherited)",
					"$(PROJECT_DIR)",
				);
				INFOPLIST_FILE = rPPG/Info.plist;
				LD_RUNPATH_SEARCH_PATHS = (
					"$(inherited)",
					"@executable_path/Frameworks",
				);
				PRODUCT_BUNDLE_IDENTIFIER = krisz.rPPG;
				PRODUCT_NAME = "$(TARGET_NAME)";
				SWIFT_OBJC_BRIDGING_HEADER = "rPPG/rPPG-Bridging-Header.h";
				SWIFT_VERSION = 5.0;
				TARGETED_DEVICE_FAMILY = "1,2";
			};
			name = Release;
		};
/* End XCBuildConfiguration section */

/* Begin XCConfigurationList section */
		6F16932E263B253600CC881A /* Build configuration list for PBXProject "rPPG" */ = {
			isa = XCConfigurationList;
			buildConfigurations = (
				6F169348263B253800CC881A /* Debug */,
				6F169349263B253800CC881A /* Release */,
			);
			defaultConfigurationIsVisible = 0;
			defaultConfigurationName = Release;
		};
		6F16934A263B253800CC881A /* Build configuration list for PBXNativeTarget "rPPG" */ = {
			isa = XCConfigurationList;
			buildConfigurations = (
				6F16934B263B253800CC881A /* Debug */,
				6F16934C263B253800CC881A /* Release */,
			);
			defaultConfigurationIsVisible = 0;
			defaultConfigurationName = Release;
		};
/* End XCConfigurationList section */

/* Begin XCVersionGroup section */
		6F16933F263B253600CC881A /* rPPG.xcdatamodeld */ = {
			isa = XCVersionGroup;
			children = (
				6F169340263B253600CC881A /* rPPG.xcdatamodel */,
			);
			currentVersion = 6F169340263B253600CC881A /* rPPG.xcdatamodel */;
			path = rPPG.xcdatamodeld;
			sourceTree = "<group>";
			versionGroupType = wrapper.xcdatamodel;
		};
/* End XCVersionGroup section */
	};
	rootObject = 6F16932B263B253600CC881A /* Project object */;
}
